
Microsoft Visual Studio Solution File, Format Version 12.00
# Visual Studio Version 18
VisualStudioVersion = 18.8.12009.203 stable
MinimumVisualStudioVersion = 10.0.40219.1
Project("{2150E333-8FDC-42A3-9474-1A3956D46DE8}") = "src", "src", "{827E0CD3-B72D-47B6-A68D-7590B98EB39B}"
EndProject
Project("{FAE04EC0-301F-11D3-BF4B-00C04F79EFBC}") = "WorldRank.Domain", "src\WorldRank.Domain\WorldRank.Domain.csproj", "{DA3D3A74-02D1-4E34-B5A4-0CF3B384459A}"
EndProject
Project("{FAE04EC0-301F-11D3-BF4B-00C04F79EFBC}") = "WorldRank.Application", "src\WorldRank.Application\WorldRank.Application.csproj", "{BFB0390F-2A3B-4563-B537-9F73A1EBB543}"
EndProject
Project("{FAE04EC0-301F-11D3-BF4B-00C04F79EFBC}") = "WorldRank.Infrastructure", "src\WorldRank.Infrastructure\WorldRank.Infrastructure.csproj", "{47B5CEA1-BF5E-4B33-9E9D-D353970FC926}"
EndProject
Project("{FAE04EC0-301F-11D3-BF4B-00C04F79EFBC}") = "WorldRank.Api", "src\WorldRank.Api\WorldRank.Api.csproj", "{2A29F1BB-4D98-4775-A6CB-A2983582347E}"
EndProject
Project("{FAE04EC0-301F-11D3-BF4B-00C04F79EFBC}") = "WorldRank.Tests", "WorldRank.Tests\WorldRank.Tests.csproj", "{DF79755A-AF8F-42B5-B05C-9D4873FA0321}"
EndProject
Global
	GlobalSection(SolutionConfigurationPlatforms) = preSolution
		Debug|Any CPU = Debug|Any CPU
		Debug|x64 = Debug|x64
		Debug|x86 = Debug|x86
		Release|Any CPU = Release|Any CPU
		Release|x64 = Release|x64
		Release|x86 = Release|x86
	EndGlobalSection
	GlobalSection(ProjectConfigurationPlatforms) = postSolution
		{DA3D3A74-02D1-4E34-B5A4-0CF3B384459A}.Debug|Any CPU.ActiveCfg = Debug|Any CPU
		{DA3D3A74-02D1-4E34-B5A4-0CF3B384459A}.Debug|Any CPU.Build.0 = Debug|Any CPU
		{DA3D3A74-02D1-4E34-B5A4-0CF3B384459A}.Debug|x64.ActiveCfg = Debug|Any CPU
		{DA3D3A74-02D1-4E34-B5A4-0CF3B384459A}.Debug|x64.Build.0 = Debug|Any CPU
		{DA3D3A74-02D1-4E34-B5A4-0CF3B384459A}.Debug|x86.ActiveCfg = Debug|Any CPU
		{DA3D3A74-02D1-4E34-B5A4-0CF3B384459A}.Debug|x86.Build.0 = Debug|Any CPU
		{DA3D3A74-02D1-4E34-B5A4-0CF3B384459A}.Release|Any CPU.ActiveCfg = Release|Any CPU
		{DA3D3A74-02D1-4E34-B5A4-0CF3B384459A}.Release|Any CPU.Build.0 = Release|Any CPU
		{DA3D3A74-02D1-4E34-B5A4-0CF3B384459A}.Release|x64.ActiveCfg = Release|Any CPU
		{DA3D3A74-02D1-4E34-B5A4-0CF3B384459A}.Release|x64.Build.0 = Release|Any CPU
		{DA3D3A74-02D1-4E34-B5A4-0CF3B384459A}.Release|x86.ActiveCfg = Release|Any CPU
		{DA3D3A74-02D1-4E34-B5A4-0CF3B384459A}.Release|x86.Build.0 = Release|Any CPU
		{BFB0390F-2A3B-4563-B537-9F73A1EBB543}.Debug|Any CPU.ActiveCfg = Debug|Any CPU
		{BFB0390F-2A3B-4563-B537-9F73A1EBB543}.Debug|Any CPU.Build.0 = Debug|Any CPU
		{BFB0390F-2A3B-4563-B537-9F73A1EBB543}.Debug|x64.ActiveCfg = Debug|Any CPU
		{BFB0390F-2A3B-4563-B537-9F73A1EBB543}.Debug|x64.Build.0 = Debug|Any CPU
		{BFB0390F-2A3B-4563-B537-9F73A1EBB543}.Debug|x86.ActiveCfg = Debug|Any CPU
		{BFB0390F-2A3B-4563-B537-9F73A1EBB543}.Debug|x86.Build.0 = Debug|Any CPU
		{BFB0390F-2A3B-4563-B537-9F73A1EBB543}.Release|Any CPU.ActiveCfg = Release|Any CPU
		{BFB0390F-2A3B-4563-B537-9F73A1EBB543}.Release|Any CPU.Build.0 = Release|Any CPU
		{BFB0390F-2A3B-4563-B537-9F73A1EBB543}.Release|x64.ActiveCfg = Release|Any CPU
		{BFB0390F-2A3B-4563-B537-9F73A1EBB543}.Release|x64.Build.0 = Release|Any CPU
		{BFB0390F-2A3B-4563-B537-9F73A1EBB543}.Release|x86.ActiveCfg = Release|Any CPU
		{BFB0390F-2A3B-4563-B537-9F73A1EBB543}.Release|x86.Build.0 = Release|Any CPU
		{47B5CEA1-BF5E-4B33-9E9D-D353970FC926}.Debug|Any CPU.ActiveCfg = Debug|Any CPU
		{47B5CEA1-BF5E-4B33-9E9D-D353970FC926}.Debug|Any CPU.Build.0 = Debug|Any CPU
		{47B5CEA1-BF5E-4B33-9E9D-D353970FC926}.Debug|x64.ActiveCfg = Debug|Any CPU
		{47B5CEA1-BF5E-4B33-9E9D-D353970FC926}.Debug|x64.Build.0 = Debug|Any CPU
		{47B5CEA1-BF5E-4B33-9E9D-D353970FC926}.Debug|x86.ActiveCfg = Debug|Any CPU
		{47B5CEA1-BF5E-4B33-9E9D-D353970FC926}.Debug|x86.Build.0 = Debug|Any CPU
		{47B5CEA1-BF5E-4B33-9E9D-D353970FC926}.Release|Any CPU.ActiveCfg = Release|Any CPU
		{47B5CEA1-BF5E-4B33-9E9D-D353970FC926}.Release|Any CPU.Build.0 = Release|Any CPU
		{47B5CEA1-BF5E-4B33-9E9D-D353970FC926}.Release|x64.ActiveCfg = Release|Any CPU
		{47B5CEA1-BF5E-4B33-9E9D-D353970FC926}.Release|x64.Build.0 = Release|Any CPU
		{47B5CEA1-BF5E-4B33-9E9D-D353970FC926}.Release|x86.ActiveCfg = Release|Any CPU
		{47B5CEA1-BF5E-4B33-9E9D-D353970FC926}.Release|x86.Build.0 = Release|Any CPU
		{2A29F1BB-4D98-4775-A6CB-A2983582347E}.Debug|Any CPU.ActiveCfg = Debug|Any CPU
		{2A29F1BB-4D98-4775-A6CB-A2983582347E}.Debug|Any CPU.Build.0 = Debug|Any CPU
		{2A29F1BB-4D98-4775-A6CB-A2983582347E}.Debug|x64.ActiveCfg = Debug|Any CPU
		{2A29F1BB-4D98-4775-A6CB-A2983582347E}.Debug|x64.Build.0 = Debug|Any CPU
		{2A29F1BB-4D98-4775-A6CB-A2983582347E}.Debug|x86.ActiveCfg = Debug|Any CPU
		{2A29F1BB-4D98-4775-A6CB-A2983582347E}.Debug|x86.Build.0 = Debug|Any CPU
		{2A29F1BB-4D98-4775-A6CB-A2983582347E}.Release|Any CPU.ActiveCfg = Release|Any CPU
		{2A29F1BB-4D98-4775-A6CB-A2983582347E}.Release|Any CPU.Build.0 = Release|Any CPU
		{2A29F1BB-4D98-4775-A6CB-A2983582347E}.Release|x64.ActiveCfg = Release|Any CPU
		{2A29F1BB-4D98-4775-A6CB-A2983582347E}.Release|x64.Build.0 = Release|Any CPU
		{2A29F1BB-4D98-4775-A6CB-A2983582347E}.Release|x86.ActiveCfg = Release|Any CPU
		{2A29F1BB-4D98-4775-A6CB-A2983582347E}.Release|x86.Build.0 = Release|Any CPU
		{DF79755A-AF8F-42B5-B05C-9D4873FA0321}.Debug|Any CPU.ActiveCfg = Debug|Any CPU
		{DF79755A-AF8F-42B5-B05C-9D4873FA0321}.Debug|Any CPU.Build.0 = Debug|Any CPU
		{DF79755A-AF8F-42B5-B05C-9D4873FA0321}.Debug|x64.ActiveCfg = Debug|Any CPU
		{DF79755A-AF8F-42B5-B05C-9D4873FA0321}.Debug|x64.Build.0 = Debug|Any CPU
		{DF79755A-AF8F-42B5-B05C-9D4873FA0321}.Debug|x86.ActiveCfg = Debug|Any CPU
		{DF79755A-AF8F-42B5-B05C-9D4873FA0321}.Debug|x86.Build.0 = Debug|Any CPU
		{DF79755A-AF8F-42B5-B05C-9D4873FA0321}.Release|Any CPU.ActiveCfg = Release|Any CPU
		{DF79755A-AF8F-42B5-B05C-9D4873FA0321}.Release|Any CPU.Build.0 = Release|Any CPU
		{DF79755A-AF8F-42B5-B05C-9D4873FA0321}.Release|x64.ActiveCfg = Release|Any CPU
		{DF79755A-AF8F-42B5-B05C-9D4873FA0321}.Release|x64.Build.0 = Release|Any CPU
		{DF79755A-AF8F-42B5-B05C-9D4873FA0321}.Release|x86.ActiveCfg = Release|Any CPU
		{DF79755A-AF8F-42B5-B05C-9D4873FA0321}.Release|x86.Build.0 = Release|Any CPU
	EndGlobalSection
	GlobalSection(SolutionProperties) = preSolution
		HideSolutionNode = FALSE
	EndGlobalSection
	GlobalSection(NestedProjects) = preSolution
		{DA3D3A74-02D1-4E34-B5A4-0CF3B384459A} = {827E0CD3-B72D-47B6-A68D-7590B98EB39B}
		{BFB0390F-2A3B-4563-B537-9F73A1EBB543} = {827E0CD3-B72D-47B6-A68D-7590B98EB39B}
		{47B5CEA1-BF5E-4B33-9E9D-D353970FC926} = {827E0CD3-B72D-47B6-A68D-7590B98EB39B}
		{2A29F1BB-4D98-4775-A6CB-A2983582347E} = {827E0CD3-B72D-47B6-A68D-7590B98EB39B}
		{DF79755A-AF8F-42B5-B05C-9D4873FA0321} = {827E0CD3-B72D-47B6-A68D-7590B98EB39B}
	EndGlobalSection
	GlobalSection(ExtensibilityGlobals) = postSolution
		SolutionGuid = {3C6FECA8-75DF-4F97-8FB3-7FC75A0CE383}
	EndGlobalSection
EndGlobal
